{"1.2.0",
[{<<"bstr">>,
  {git,"https://github.com/jcomellas/bstr.git",
       {ref,"609ba263df6b940b4d7f66ac2768f73ac9e17e0e"}},
  1},
 {<<"epqueue">>,
  {git,"https://github.com/silviucpp/epqueue.git",
       {ref,"ce742acf619214a830ec3336f72c4a803e3abb36"}},
  0},
 {<<"erlpool">>,{pkg,<<"erlpool">>,<<"1.4.5">>},0},
 {<<"gsm0338">>,
  {git,"https://github.com/AntonSizov/gsm0338.git",
       {ref,"6bca8dbce2baa2381f2cd79176cf00819a63d7ce"}},
  0},
 {<<"ranch">>,
  {git,"https://github.com/ninenines/ranch.git",
       {ref,"9c8520ab8e9c6f3890ac3251d04fbe0b9514940f"}},
  0},
 {<<"smpp_parser">>,
  {git,"https://github.com/silviucpp/smpp_parser.git",
       {ref,"69b2e6541f2bc5de3092441f6fb3e85f1960894f"}},
  0},
 {<<"tic">>,
  {git,"https://github.com/silviucpp/tic.git",
       {ref,"b26a77920bf3bc0faec2660bb81bc190f8e9c903"}},
  0}]}.
[
{pkg_hash,[
 {<<"erlpool">>, <<"574BBE32D7A9AA242CFD351DC9073B49ED3AA2C3BBBF1BBF76CA08CDA0C5EF51">>}]},
{pkg_hash_ext,[
 {<<"erlpool">>, <<"B9CC4041358DCDAC78C0A2EDEAD2AA8D5EE444E69078E3D056F885F8F69AF44F">>}]}
].
